
Microsoft Visual Studio Solution File, Format Version 12.00
# Visual Studio Version 17
VisualStudioVersion = 17.5.33516.290
MinimumVisualStudioVersion = 10.0.40219.1
Project("{8BC9CEB8-8B4A-11D0-8D11-00A0C91BC942}") = "TP2", "TP2.vcxproj", "{B0B1DD09-58D9-4C57-9183-49ACDE39CD7A}"
EndProject
Global
	GlobalSection(SolutionConfigurationPlatforms) = preSolution
		Debug|x64 = Debug|x64
		Debug|x86 = Debug|x86
		Release|x64 = Release|x64
		Release|x86 = Release|x86
	EndGlobalSection
	GlobalSection(ProjectConfigurationPlatforms) = postSolution
		{B0B1DD09-58D9-4C57-9183-49ACDE39CD7A}.Debug|x64.ActiveCfg = Debug|x64
		{B0B1DD09-58D9-4C57-9183-49ACDE39CD7A}.Debug|x64.Build.0 = Debug|x64
		{B0B1DD09-58D9-4C57-9183-49ACDE39CD7A}.Debug|x86.ActiveCfg = Debug|Win32
		{B0B1DD09-58D9-4C57-9183-49ACDE39CD7A}.Debug|x86.Build.0 = Debug|Win32
		{B0B1DD09-58D9-4C57-9183-49ACDE39CD7A}.Release|x64.ActiveCfg = Release|x64
		{B0B1DD09-58D9-4C57-9183-49ACDE39CD7A}.Release|x64.Build.0 = Release|x64
		{B0B1DD09-58D9-4C57-9183-49ACDE39CD7A}.Release|x86.ActiveCfg = Release|Win32
		{B0B1DD09-58D9-4C57-9183-49ACDE39CD7A}.Release|x86.Build.0 = Release|Win32
	EndGlobalSection
	GlobalSection(SolutionProperties) = preSolution
		HideSolutionNode = FALSE
	EndGlobalSection
	GlobalSection(ExtensibilityGlobals) = postSolution
		SolutionGuid = {DC332F6A-F620-4508-A5EA-691C6AE2DD13}
	EndGlobalSection
EndGlobal
